
Microsoft Visual Studio Solution File, Format Version 12.00
# Visual Studio Version 17
VisualStudioVersion = 17.10.34928.147
MinimumVisualStudioVersion = 10.0.40219.1
Project("{FAE04EC0-301F-11D3-BF4B-00C04F79EFBC}") = "IntegerNTab", "IntegerNTab\IntegerNTab.csproj", "{1B513D77-837B-4734-8A63-53FB926356ED}"
EndProject
Global
	GlobalSection(SolutionConfigurationPlatforms) = preSolution
		Debug|Any CPU = Debug|Any CPU
		Release|Any CPU = Release|Any CPU
	EndGlobalSection
	GlobalSection(ProjectConfigurationPlatforms) = postSolution
		{1B513D77-837B-4734-8A63-53FB926356ED}.Debug|Any CPU.ActiveCfg = Debug|Any CPU
		{1B513D77-837B-4734-8A63-53FB926356ED}.Debug|Any CPU.Build.0 = Debug|Any CPU
		{1B513D77-837B-4734-8A63-53FB926356ED}.Release|Any CPU.ActiveCfg = Release|Any CPU
		{1B513D77-837B-4734-8A63-53FB926356ED}.Release|Any CPU.Build.0 = Release|Any CPU
	EndGlobalSection
	GlobalSection(SolutionProperties) = preSolution
		HideSolutionNode = FALSE
	EndGlobalSection
	GlobalSection(ExtensibilityGlobals) = postSolution
		SolutionGuid = {0E0B2A76-ADC0-4250-B2A3-7C62B4E86C37}
	EndGlobalSection
EndGlobal
